Microsoft Visual Studio Solution File, Format Version 12.00
# Visual Studio Version 17
VisualStudioVersion = 17.5.2.0
MinimumVisualStudioVersion = 10.0.40219.1
Project("{FAE04EC0-301F-11D3-BF4B-00C04F79EFBC}") = "MyRestApiDotnet", "MyRestApiDotnet.csproj", "{0564946E-B226-2BE5-8BE7-B97E6B781FFC}"
EndProject
Global
	GlobalSection(SolutionConfigurationPlatforms) = preSolution
		Debug|Any CPU = Debug|Any CPU
		Release|Any CPU = Release|Any CPU
	EndGlobalSection
	GlobalSection(ProjectConfigurationPlatforms) = postSolution
		{0564946E-B226-2BE5-8BE7-B97E6B781FFC}.Debug|Any CPU.ActiveCfg = Debug|Any CPU
		{0564946E-B226-2BE5-8BE7-B97E6B781FFC}.Debug|Any CPU.Build.0 = Debug|Any CPU
		{0564946E-B226-2BE5-8BE7-B97E6B781FFC}.Release|Any CPU.ActiveCfg = Release|Any CPU
		{0564946E-B226-2BE5-8BE7-B97E6B781FFC}.Release|Any CPU.Build.0 = Release|Any CPU
	EndGlobalSection
	GlobalSection(SolutionProperties) = preSolution
		HideSolutionNode = FALSE
	EndGlobalSection
	GlobalSection(ExtensibilityGlobals) = postSolution
		SolutionGuid = {5AE744E9-AC5E-4A9E-B6C7-074DBCC4B145}
	EndGlobalSection
EndGlobal
